
Microsoft Visual Studio Solution File, Format Version 12.00
# Visual Studio 15
VisualStudioVersion = 15.0.28307.705
MinimumVisualStudioVersion = 10.0.40219.1
Project("{FAE04EC0-301F-11D3-BF4B-00C04F79EFBC}") = "Life", "Life\Life.csproj", "{C18DF6D2-1C5F-453F-A5FB-F0391FAC75FD}"
EndProject
Global
	GlobalSection(SolutionConfigurationPlatforms) = preSolution
		Debug|Any CPU = Debug|Any CPU
		Release|Any CPU = Release|Any CPU
	EndGlobalSection
	GlobalSection(ProjectConfigurationPlatforms) = postSolution
		{C18DF6D2-1C5F-453F-A5FB-F0391FAC75FD}.Debug|Any CPU.ActiveCfg = Debug|Any CPU
		{C18DF6D2-1C5F-453F-A5FB-F0391FAC75FD}.Debug|Any CPU.Build.0 = Debug|Any CPU
		{C18DF6D2-1C5F-453F-A5FB-F0391FAC75FD}.Release|Any CPU.ActiveCfg = Release|Any CPU
		{C18DF6D2-1C5F-453F-A5FB-F0391FAC75FD}.Release|Any CPU.Build.0 = Release|Any CPU
	EndGlobalSection
	GlobalSection(SolutionProperties) = preSolution
		HideSolutionNode = FALSE
	EndGlobalSection
	GlobalSection(ExtensibilityGlobals) = postSolution
		SolutionGuid = {BB3C00BE-900B-422F-81C9-52435F0223FB}
	EndGlobalSection
EndGlobal
